{
  "lockfileVersion": 1,
  "sources": {
    "tzwzx/expo-ai-standards": {
      "requestedRef": "main",
      "resolvedRef": "ecb6ff3eb0a64be3d89ebf862bbe67f0d4113c9d",
      "resolvedAt": "2026-07-28T18:49:46.594Z",
      "skills": {},
      "rules": {
        "en-critical-rules": {
          "integrity": "sha256-cc033745edffbc73268b96b98af9fc225ecbd02cdc4cc7c622565b151e6d152f"
        },
        "ja-commit-message": {
          "integrity": "sha256-916f5266aef8466d22a0fe0f188edbec6c6ba5dc3cfba789ba9355a42afbbd93"
        }
      },
      "ruleSelection": [
        "en-critical-rules",
        "ja-commit-message"
      ],
      "rulesPath": "rules",
      "resolvedRuleNames": [
        "en-critical-rules",
        "ja-commit-message"
      ]
    }
  }
}
