{
  "lockfileVersion": 1,
  "sources": {
    "tzwzx/expo-ai-standards": {
      "requestedRef": "main",
      "resolvedRef": "512614fa19ce29165426c6b608f60fb547a86171",
      "resolvedAt": "2026-08-16T10:47:44.147Z",
      "skills": {},
      "rules": {
        "en-claudecode-entry": {
          "integrity": "sha256-14db30192c7cc1077945a785a0bfe1b8b8a23327b716fa399aa1529318d71986"
        },
        "en-critical-rules": {
          "integrity": "sha256-cc033745edffbc73268b96b98af9fc225ecbd02cdc4cc7c622565b151e6d152f"
        },
        "en-rules-architecture": {
          "integrity": "sha256-228d6e8def22c9feffe5b40429735fb3b4a5bcc07a5d5a50e9293d36a3356402"
        },
        "ja-commit-message": {
          "integrity": "sha256-916f5266aef8466d22a0fe0f188edbec6c6ba5dc3cfba789ba9355a42afbbd93"
        }
      },
      "ruleSelection": [
        "en-claudecode-entry",
        "en-critical-rules",
        "en-rules-architecture",
        "ja-commit-message"
      ],
      "rulesPath": "rules",
      "resolvedRuleNames": [
        "en-claudecode-entry",
        "en-critical-rules",
        "en-rules-architecture",
        "ja-commit-message"
      ]
    }
  }
}
